{
  "name": "bedrock-agent-kb-actions-workshop",
  "version": "1.1.0",
  "lockfileVersion": 3,
  "requires": true,
  "packages": {
    "": {
      "name": "bedrock-agent-kb-actions-workshop",
      "version": "1.1.0",
      "license": "Amazon Software License",
      "dependencies": {
        "pnpm": "^9.15.4"
      },
      "engines": {
        "node": ">=20.18.1"
      }
    },
    "node_modules/pnpm": {
      "version": "9.15.4",
      "resolved": "https://registry.npmjs.org/pnpm/-/pnpm-9.15.4.tgz",
      "integrity": "sha512-stwg4vxys+GISEWbNzWaMgZGY+VielHkx0ssKd2OjgSRSDw6u0B4nP1Xi/Ni+2uoJhsF8Dh9dnku1uI+o7G2oA==",
      "license": "MIT",
      "bin": {
        "pnpm": "bin/pnpm.cjs",
        "pnpx": "bin/pnpx.cjs"
      },
      "engines": {
        "node": ">=18.12"
      },
      "funding": {
        "url": "https://opencollective.com/pnpm"
      }
    }
  }
}
