{
    "version": 3,
    "terraform_version": "0.11.13",
    "serial": 1,
    "lineage": "620dc373-e2ed-3f7c-4671-01f89dc1dcf8",
    "modules": [
        {
            "path": [
                "root"
            ],
            "outputs": {},
            "resources": {},
            "depends_on": []
        },
        {
            "path": [
                "root",
                "shared_terraform_backend"
            ],
            "outputs": {},
            "resources": {
                "aws_dynamodb_table.dynamodb-terraform-state-lock": {
                    "type": "aws_dynamodb_table",
                    "depends_on": [],
                    "primary": {
                        "id": "bb-shared-terraform-state-lock-dynamo",
                        "attributes": {
                            "arn": "arn:aws:dynamodb:us-east-1:763606934258:table/bb-shared-terraform-state-lock-dynamo",
                            "attribute.#": "1",
                            "attribute.2068930648.name": "LockID",
                            "attribute.2068930648.type": "S",
                            "billing_mode": "PROVISIONED",
                            "global_secondary_index.#": "0",
                            "hash_key": "LockID",
                            "id": "bb-shared-terraform-state-lock-dynamo",
                            "local_secondary_index.#": "0",
                            "name": "bb-shared-terraform-state-lock-dynamo",
                            "point_in_time_recovery.#": "1",
                            "point_in_time_recovery.0.enabled": "false",
                            "read_capacity": "5",
                            "server_side_encryption.#": "0",
                            "stream_arn": "",
                            "stream_enabled": "false",
                            "stream_label": "",
                            "stream_view_type": "",
                            "tags.%": "2",
                            "tags.description": "DynamoDB for bb-shared-oaar Terraform Remote State Locking",
                            "tags.terraform": "true",
                            "ttl.#": "1",
                            "ttl.0.attribute_name": "",
                            "ttl.0.enabled": "false",
                            "write_capacity": "5"
                        },
                        "meta": {
                            "e2bfb730-ecaa-11e6-8f88-34363bc7c4c0": {
                                "create": 600000000000,
                                "delete": 600000000000,
                                "update": 3600000000000
                            },
                            "schema_version": "1"
                        },
                        "tainted": false
                    },
                    "deposed": [],
                    "provider": "provider.aws"
                },
                "aws_iam_policy.bucket_replication": {
                    "type": "aws_iam_policy",
                    "depends_on": [
                        "aws_s3_bucket.replication_bucket",
                        "aws_s3_bucket.terraform-state-storage-s3"
                    ],
                    "primary": {
                        "id": "arn:aws:iam::763606934258:policy/tf-iam-policy-tfbackend-bucket-replication",
                        "attributes": {
                            "arn": "arn:aws:iam::763606934258:policy/tf-iam-policy-tfbackend-bucket-replication",
                            "description": "",
                            "id": "arn:aws:iam::763606934258:policy/tf-iam-policy-tfbackend-bucket-replication",
                            "name": "tf-iam-policy-tfbackend-bucket-replication",
                            "path": "/",
                            "policy": "{\n  \"Version\": \"2012-10-17\",\n  \"Statement\": [\n    {\n      \"Action\": [\n        \"s3:GetReplicationConfiguration\",\n        \"s3:ListBucket\"\n      ],\n      \"Effect\": \"Allow\",\n      \"Resource\": [\n        \"arn:aws:s3:::bb-shared-terraform-state-storage-s3\"\n      ]\n    },\n    {\n      \"Action\": [\n        \"s3:GetObjectVersion\",\n        \"s3:GetObjectVersionAcl\"\n      ],\n      \"Effect\": \"Allow\",\n      \"Resource\": [\n        \"arn:aws:s3:::bb-shared-terraform-state-storage-s3/*\"\n      ]\n    },\n    {\n      \"Action\": [\n        \"s3:ReplicateObject\",\n        \"s3:ReplicateDelete\"\n      ],\n      \"Effect\": \"Allow\",\n      \"Resource\": \"arn:aws:s3:::bb-shared-terraform-state-storage-s3-replica/*\"\n    }\n  ]\n}\n"
                        },
                        "meta": {},
                        "tainted": false
                    },
                    "deposed": [],
                    "provider": "provider.aws"
                },
                "aws_iam_policy_attachment.replication_bucket_permissions": {
                    "type": "aws_iam_policy_attachment",
                    "depends_on": [
                        "aws_iam_policy.bucket_replication",
                        "aws_iam_role.bucket_replication"
                    ],
                    "primary": {
                        "id": "tf-iam-role-attachment-bucket-replication",
                        "attributes": {
                            "groups.#": "0",
                            "id": "tf-iam-role-attachment-bucket-replication",
                            "name": "tf-iam-role-attachment-bucket-replication",
                            "policy_arn": "arn:aws:iam::763606934258:policy/tf-iam-policy-tfbackend-bucket-replication",
                            "roles.#": "1",
                            "roles.619903892": "tf-iam-role-tfbackend-bucket-replication",
                            "users.#": "0"
                        },
                        "meta": {},
                        "tainted": false
                    },
                    "deposed": [],
                    "provider": "provider.aws"
                },
                "aws_iam_role.bucket_replication": {
                    "type": "aws_iam_role",
                    "depends_on": [],
                    "primary": {
                        "id": "tf-iam-role-tfbackend-bucket-replication",
                        "attributes": {
                            "arn": "arn:aws:iam::763606934258:role/tf-iam-role-tfbackend-bucket-replication",
                            "assume_role_policy": "{\"Version\":\"2012-10-17\",\"Statement\":[{\"Sid\":\"\",\"Effect\":\"Allow\",\"Principal\":{\"Service\":\"s3.amazonaws.com\"},\"Action\":\"sts:AssumeRole\"}]}",
                            "create_date": "2019-03-19T00:35:39Z",
                            "description": "",
                            "force_detach_policies": "false",
                            "id": "tf-iam-role-tfbackend-bucket-replication",
                            "max_session_duration": "3600",
                            "name": "tf-iam-role-tfbackend-bucket-replication",
                            "path": "/",
                            "tags.%": "0",
                            "unique_id": "AROAJSASFHUW3MJ5I4YCG"
                        },
                        "meta": {},
                        "tainted": false
                    },
                    "deposed": [],
                    "provider": "provider.aws"
                },
                "aws_s3_bucket.replication_bucket": {
                    "type": "aws_s3_bucket",
                    "depends_on": [],
                    "primary": {
                        "id": "bb-shared-terraform-state-storage-s3-replica",
                        "attributes": {
                            "acceleration_status": "",
                            "acl": "private",
                            "arn": "arn:aws:s3:::bb-shared-terraform-state-storage-s3-replica",
                            "bucket": "bb-shared-terraform-state-storage-s3-replica",
                            "bucket_domain_name": "bb-shared-terraform-state-storage-s3-replica.s3.amazonaws.com",
                            "bucket_regional_domain_name": "bb-shared-terraform-state-storage-s3-replica.s3.us-east-2.amazonaws.com",
                            "cors_rule.#": "0",
                            "force_destroy": "false",
                            "hosted_zone_id": "Z2O1EMRO9K5GLX",
                            "id": "bb-shared-terraform-state-storage-s3-replica",
                            "lifecycle_rule.#": "0",
                            "logging.#": "0",
                            "object_lock_configuration.#": "0",
                            "region": "us-east-2",
                            "replication_configuration.#": "0",
                            "request_payer": "BucketOwner",
                            "server_side_encryption_configuration.#": "0",
                            "tags.%": "2",
                            "tags.description": "S3 Bucket for bb-shared-oaar Terraform Remote State Storage",
                            "tags.terraform": "true",
                            "versioning.#": "1",
                            "versioning.0.enabled": "true",
                            "versioning.0.mfa_delete": "false",
                            "website.#": "0"
                        },
                        "meta": {},
                        "tainted": false
                    },
                    "deposed": [],
                    "provider": "module.shared_terraform_backend.provider.aws.replication_region"
                },
                "aws_s3_bucket.terraform-state-storage-s3": {
                    "type": "aws_s3_bucket",
                    "depends_on": [
                        "aws_iam_role.bucket_replication",
                        "aws_s3_bucket.replication_bucket"
                    ],
                    "primary": {
                        "id": "bb-shared-terraform-state-storage-s3",
                        "attributes": {
                            "acceleration_status": "",
                            "acl": "private",
                            "arn": "arn:aws:s3:::bb-shared-terraform-state-storage-s3",
                            "bucket": "bb-shared-terraform-state-storage-s3",
                            "bucket_domain_name": "bb-shared-terraform-state-storage-s3.s3.amazonaws.com",
                            "bucket_regional_domain_name": "bb-shared-terraform-state-storage-s3.s3.amazonaws.com",
                            "cors_rule.#": "0",
                            "force_destroy": "false",
                            "hosted_zone_id": "Z3AQBSTGFYJSTF",
                            "id": "bb-shared-terraform-state-storage-s3",
                            "lifecycle_rule.#": "0",
                            "logging.#": "0",
                            "object_lock_configuration.#": "0",
                            "region": "us-east-1",
                            "replication_configuration.#": "1",
                            "replication_configuration.0.role": "arn:aws:iam::763606934258:role/tf-iam-role-tfbackend-bucket-replication",
                            "replication_configuration.0.rules.#": "1",
                            "replication_configuration.0.rules.3310811153.destination.#": "1",
                            "replication_configuration.0.rules.3310811153.destination.750346761.access_control_translation.#": "0",
                            "replication_configuration.0.rules.3310811153.destination.750346761.account_id": "",
                            "replication_configuration.0.rules.3310811153.destination.750346761.bucket": "arn:aws:s3:::bb-shared-terraform-state-storage-s3-replica",
                            "replication_configuration.0.rules.3310811153.destination.750346761.replica_kms_key_id": "",
                            "replication_configuration.0.rules.3310811153.destination.750346761.storage_class": "STANDARD",
                            "replication_configuration.0.rules.3310811153.filter.#": "0",
                            "replication_configuration.0.rules.3310811153.id": "standard_bucket_replication",
                            "replication_configuration.0.rules.3310811153.prefix": "",
                            "replication_configuration.0.rules.3310811153.priority": "0",
                            "replication_configuration.0.rules.3310811153.source_selection_criteria.#": "0",
                            "replication_configuration.0.rules.3310811153.status": "Enabled",
                            "request_payer": "BucketOwner",
                            "server_side_encryption_configuration.#": "1",
                            "server_side_encryption_configuration.0.rule.#": "1",
                            "server_side_encryption_configuration.0.rule.0.apply_server_side_encryption_by_default.#": "1",
                            "server_side_encryption_configuration.0.rule.0.apply_server_side_encryption_by_default.0.kms_master_key_id": "",
                            "server_side_encryption_configuration.0.rule.0.apply_server_side_encryption_by_default.0.sse_algorithm": "AES256",
                            "tags.%": "2",
                            "tags.description": "S3 Bucket for bb-shared-oaar Terraform Remote State Storage",
                            "tags.terraform": "true",
                            "versioning.#": "1",
                            "versioning.0.enabled": "true",
                            "versioning.0.mfa_delete": "false",
                            "website.#": "0"
                        },
                        "meta": {},
                        "tainted": false
                    },
                    "deposed": [],
                    "provider": "provider.aws"
                }
            },
            "depends_on": []
        }
    ]
}
