{
    "version": 3,
    "terraform_version": "0.11.13",
    "serial": 9,
    "lineage": "6926d652-aa3b-cbcd-0c59-9d26e5922245",
    "modules": [
        {
            "path": [
                "root"
            ],
            "outputs": {},
            "resources": {
                "aws_cloudwatch_log_group.cloudtrail": {
                    "type": "aws_cloudwatch_log_group",
                    "depends_on": [],
                    "primary": {
                        "id": "bb-root-org-cloudtrail",
                        "attributes": {
                            "arn": "arn:aws:logs:us-east-1:754065527950:log-group:bb-root-org-cloudtrail:*",
                            "id": "bb-root-org-cloudtrail",
                            "kms_key_id": "",
                            "name": "bb-root-org-cloudtrail",
                            "retention_in_days": "14",
                            "tags.%": "2",
                            "tags.environment": "root-org",
                            "tags.project": "bb"
                        },
                        "meta": {},
                        "tainted": false
                    },
                    "deposed": [],
                    "provider": "provider.aws"
                },
                "aws_iam_role.cloudtrail_cloudwatch_events": {
                    "type": "aws_iam_role",
                    "depends_on": [
                        "data.aws_iam_policy_document.assume_policy"
                    ],
                    "primary": {
                        "id": "CloudtrailCloudwatchEvents",
                        "attributes": {
                            "arn": "arn:aws:iam::754065527950:role/CloudtrailCloudwatchEvents",
                            "assume_role_policy": "{\"Version\":\"2012-10-17\",\"Statement\":[{\"Sid\":\"\",\"Effect\":\"Allow\",\"Principal\":{\"Service\":\"cloudtrail.amazonaws.com\"},\"Action\":\"sts:AssumeRole\"}]}",
                            "create_date": "2019-05-16T21:03:04Z",
                            "description": "",
                            "force_detach_policies": "false",
                            "id": "CloudtrailCloudwatchEvents",
                            "max_session_duration": "3600",
                            "name": "CloudtrailCloudwatchEvents",
                            "path": "/",
                            "tags.%": "0",
                            "unique_id": "AROA27EOO2SHNM2RKP7XP"
                        },
                        "meta": {},
                        "tainted": false
                    },
                    "deposed": [],
                    "provider": "provider.aws"
                },
                "aws_iam_role_policy.cloudtrail_cloudwatch_events_policy": {
                    "type": "aws_iam_role_policy",
                    "depends_on": [
                        "aws_iam_role.cloudtrail_cloudwatch_events",
                        "data.aws_iam_policy_document.cloudtrail_role_policy"
                    ],
                    "primary": {
                        "id": "CloudtrailCloudwatchEvents:CloudtrailCloudwatchEvents",
                        "attributes": {
                            "id": "CloudtrailCloudwatchEvents:CloudtrailCloudwatchEvents",
                            "name": "CloudtrailCloudwatchEvents",
                            "policy": "{\n  \"Version\": \"2012-10-17\",\n  \"Statement\": [\n    {\n      \"Sid\": \"\",\n      \"Effect\": \"Allow\",\n      \"Action\": \"logs:CreateLogStream\",\n      \"Resource\": \"arn:aws:logs:us-east-1:754065527950:log-group:bb-root-org-cloudtrail:log-stream:*\"\n    },\n    {\n      \"Sid\": \"\",\n      \"Effect\": \"Allow\",\n      \"Action\": \"logs:PutLogEvents\",\n      \"Resource\": \"arn:aws:logs:us-east-1:754065527950:log-group:bb-root-org-cloudtrail:log-stream:*\"\n    }\n  ]\n}",
                            "role": "CloudtrailCloudwatchEvents"
                        },
                        "meta": {},
                        "tainted": false
                    },
                    "deposed": [],
                    "provider": "provider.aws"
                },
                "data.aws_iam_policy_document.assume_policy": {
                    "type": "aws_iam_policy_document",
                    "depends_on": [],
                    "primary": {
                        "id": "3361274866",
                        "attributes": {
                            "id": "3361274866",
                            "json": "{\n  \"Version\": \"2012-10-17\",\n  \"Statement\": [\n    {\n      \"Sid\": \"\",\n      \"Effect\": \"Allow\",\n      \"Action\": \"sts:AssumeRole\",\n      \"Principal\": {\n        \"Service\": \"cloudtrail.amazonaws.com\"\n      }\n    }\n  ]\n}",
                            "statement.#": "1",
                            "statement.0.actions.#": "1",
                            "statement.0.actions.2528466339": "sts:AssumeRole",
                            "statement.0.condition.#": "0",
                            "statement.0.effect": "Allow",
                            "statement.0.not_actions.#": "0",
                            "statement.0.not_principals.#": "0",
                            "statement.0.not_resources.#": "0",
                            "statement.0.principals.#": "1",
                            "statement.0.principals.888245936.identifiers.#": "1",
                            "statement.0.principals.888245936.identifiers.4136227984": "cloudtrail.amazonaws.com",
                            "statement.0.principals.888245936.type": "Service",
                            "statement.0.resources.#": "0",
                            "statement.0.sid": "",
                            "version": "2012-10-17"
                        },
                        "meta": {},
                        "tainted": false
                    },
                    "deposed": [],
                    "provider": "provider.aws"
                },
                "data.aws_iam_policy_document.cloudtrail_role_policy": {
                    "type": "aws_iam_policy_document",
                    "depends_on": [
                        "aws_cloudwatch_log_group.cloudtrail"
                    ],
                    "primary": {
                        "id": "2418289789",
                        "attributes": {
                            "id": "2418289789",
                            "json": "{\n  \"Version\": \"2012-10-17\",\n  \"Statement\": [\n    {\n      \"Sid\": \"\",\n      \"Effect\": \"Allow\",\n      \"Action\": \"logs:CreateLogStream\",\n      \"Resource\": \"arn:aws:logs:us-east-1:754065527950:log-group:bb-root-org-cloudtrail:log-stream:*\"\n    },\n    {\n      \"Sid\": \"\",\n      \"Effect\": \"Allow\",\n      \"Action\": \"logs:PutLogEvents\",\n      \"Resource\": \"arn:aws:logs:us-east-1:754065527950:log-group:bb-root-org-cloudtrail:log-stream:*\"\n    }\n  ]\n}",
                            "statement.#": "2",
                            "statement.0.actions.#": "1",
                            "statement.0.actions.3285979848": "logs:CreateLogStream",
                            "statement.0.condition.#": "0",
                            "statement.0.effect": "Allow",
                            "statement.0.not_actions.#": "0",
                            "statement.0.not_principals.#": "0",
                            "statement.0.not_resources.#": "0",
                            "statement.0.principals.#": "0",
                            "statement.0.resources.#": "1",
                            "statement.0.resources.2467549622": "arn:aws:logs:us-east-1:754065527950:log-group:bb-root-org-cloudtrail:log-stream:*",
                            "statement.0.sid": "",
                            "statement.1.actions.#": "1",
                            "statement.1.actions.39743051": "logs:PutLogEvents",
                            "statement.1.condition.#": "0",
                            "statement.1.effect": "Allow",
                            "statement.1.not_actions.#": "0",
                            "statement.1.not_principals.#": "0",
                            "statement.1.not_resources.#": "0",
                            "statement.1.principals.#": "0",
                            "statement.1.resources.#": "1",
                            "statement.1.resources.2467549622": "arn:aws:logs:us-east-1:754065527950:log-group:bb-root-org-cloudtrail:log-stream:*",
                            "statement.1.sid": "",
                            "version": "2012-10-17"
                        },
                        "meta": {},
                        "tainted": false
                    },
                    "deposed": [],
                    "provider": "provider.aws"
                }
            },
            "depends_on": []
        },
        {
            "path": [
                "root",
                "cloudtrail"
            ],
            "outputs": {
                "cloudtrail_arn": {
                    "sensitive": false,
                    "type": "string",
                    "value": "arn:aws:cloudtrail:us-east-1:754065527950:trail/bb-root-org-cloudtrail-org"
                },
                "cloudtrail_home_region": {
                    "sensitive": false,
                    "type": "string",
                    "value": "us-east-1"
                },
                "cloudtrail_id": {
                    "sensitive": false,
                    "type": "string",
                    "value": "bb-root-org-cloudtrail-org"
                }
            },
            "resources": {
                "aws_cloudtrail.default": {
                    "type": "aws_cloudtrail",
                    "depends_on": [
                        "module.cloudtrail_label"
                    ],
                    "primary": {
                        "id": "bb-root-org-cloudtrail-org",
                        "attributes": {
                            "arn": "arn:aws:cloudtrail:us-east-1:754065527950:trail/bb-root-org-cloudtrail-org",
                            "cloud_watch_logs_group_arn": "arn:aws:logs:us-east-1:754065527950:log-group:bb-root-org-cloudtrail:*",
                            "cloud_watch_logs_role_arn": "arn:aws:iam::754065527950:role/CloudtrailCloudwatchEvents",
                            "enable_log_file_validation": "true",
                            "enable_logging": "true",
                            "event_selector.#": "0",
                            "home_region": "us-east-1",
                            "id": "bb-root-org-cloudtrail-org",
                            "include_global_service_events": "true",
                            "is_multi_region_trail": "true",
                            "is_organization_trail": "false",
                            "kms_key_id": "",
                            "name": "bb-root-org-cloudtrail-org",
                            "s3_bucket_name": "bb-sec-cloudtrail-org",
                            "s3_key_prefix": "",
                            "sns_topic_name": "",
                            "tags.%": "3",
                            "tags.Name": "bb-root-org-cloudtrail-org",
                            "tags.Namespace": "bb",
                            "tags.Stage": "root-org"
                        },
                        "meta": {},
                        "tainted": false
                    },
                    "deposed": [],
                    "provider": "provider.aws"
                }
            },
            "depends_on": []
        },
        {
            "path": [
                "root",
                "cloudtrail",
                "cloudtrail_label"
            ],
            "outputs": {
                "attributes": {
                    "sensitive": false,
                    "type": "string",
                    "value": ""
                },
                "id": {
                    "sensitive": false,
                    "type": "string",
                    "value": "bb-root-org-cloudtrail-org"
                },
                "name": {
                    "sensitive": false,
                    "type": "string",
                    "value": "cloudtrail-org"
                },
                "namespace": {
                    "sensitive": false,
                    "type": "string",
                    "value": "bb"
                },
                "stage": {
                    "sensitive": false,
                    "type": "string",
                    "value": "root-org"
                },
                "tags": {
                    "sensitive": false,
                    "type": "map",
                    "value": {
                        "Name": "bb-root-org-cloudtrail-org",
                        "Namespace": "bb",
                        "Stage": "root-org"
                    }
                }
            },
            "resources": {},
            "depends_on": []
        }
    ]
}
